
Microsoft Visual Studio Solution File, Format Version 12.00
# Visual Studio Version 16
VisualStudioVersion = 16.0.32413.511
MinimumVisualStudioVersion = 10.0.40219.1
Project("{FAE04EC0-301F-11D3-BF4B-00C04F79EFBC}") = "Metotlar", "Metotlar\Metotlar.csproj", "{AB6F869B-85E0-465E-A3F2-5F121AA5FC8F}"
EndProject
Project("{FAE04EC0-301F-11D3-BF4B-00C04F79EFBC}") = "Matematik", "Matematik\Matematik.csproj", "{681D291F-09C7-496B-BD68-8095D32D2543}"
EndProject
Project("{FAE04EC0-301F-11D3-BF4B-00C04F79EFBC}") = "DegerVeReferansTipler", "DegerVeReferansTipler\DegerVeReferansTipler.csproj", "{2B3E45CF-94B9-458D-A48D-F40762EAEFF2}"
EndProject
Global
	GlobalSection(SolutionConfigurationPlatforms) = preSolution
		Debug|Any CPU = Debug|Any CPU
		Release|Any CPU = Release|Any CPU
	EndGlobalSection
	GlobalSection(ProjectConfigurationPlatforms) = postSolution
		{AB6F869B-85E0-465E-A3F2-5F121AA5FC8F}.Debug|Any CPU.ActiveCfg = Debug|Any CPU
		{AB6F869B-85E0-465E-A3F2-5F121AA5FC8F}.Debug|Any CPU.Build.0 = Debug|Any CPU
		{AB6F869B-85E0-465E-A3F2-5F121AA5FC8F}.Release|Any CPU.ActiveCfg = Release|Any CPU
		{AB6F869B-85E0-465E-A3F2-5F121AA5FC8F}.Release|Any CPU.Build.0 = Release|Any CPU
		{681D291F-09C7-496B-BD68-8095D32D2543}.Debug|Any CPU.ActiveCfg = Debug|Any CPU
		{681D291F-09C7-496B-BD68-8095D32D2543}.Debug|Any CPU.Build.0 = Debug|Any CPU
		{681D291F-09C7-496B-BD68-8095D32D2543}.Release|Any CPU.ActiveCfg = Release|Any CPU
		{681D291F-09C7-496B-BD68-8095D32D2543}.Release|Any CPU.Build.0 = Release|Any CPU
		{2B3E45CF-94B9-458D-A48D-F40762EAEFF2}.Debug|Any CPU.ActiveCfg = Debug|Any CPU
		{2B3E45CF-94B9-458D-A48D-F40762EAEFF2}.Debug|Any CPU.Build.0 = Debug|Any CPU
		{2B3E45CF-94B9-458D-A48D-F40762EAEFF2}.Release|Any CPU.ActiveCfg = Release|Any CPU
		{2B3E45CF-94B9-458D-A48D-F40762EAEFF2}.Release|Any CPU.Build.0 = Release|Any CPU
	EndGlobalSection
	GlobalSection(SolutionProperties) = preSolution
		HideSolutionNode = FALSE
	EndGlobalSection
	GlobalSection(ExtensibilityGlobals) = postSolution
		SolutionGuid = {8E836C57-F0E3-44FE-8585-AC80C13068BA}
	EndGlobalSection
EndGlobal
